{
  "name": "molex-env-basic-example",
  "version": "0.0.0",
  "lockfileVersion": 2,
  "requires": true,
  "packages": {
    "": {
      "name": "molex-env-basic-example",
      "version": "0.0.0",
      "dependencies": {
        "molex-env": "file:../.."
      }
    },
    "../..": {
      "version": "0.1.0",
      "license": "MIT"
    },
    "node_modules/molex-env": {
      "resolved": "../..",
      "link": true
    }
  },
  "dependencies": {
    "molex-env": {
      "version": "file:../.."
    }
  }
}
